// !$*UTF8*$!
{
	archiveVersion = 1;
	classes = {
	};
	objectVersion = 46;
	objects = {

/* Begin PBXBuildFile section */
		420BE29C1DB9F71100C3BC18 /* BYTabBarViewController.swift in Sources */ = {isa = PBXBuildFile; fileRef = 420BE29B1DB9F71000C3BC18 /* BYTabBarViewController.swift */; };
		420BE29E1DB9FF7100C3BC18 /* Constant.swift in Sources */ = {isa = PBXBuildFile; fileRef = 420BE29D1DB9FF7100C3BC18 /* Constant.swift */; };
		427AC8A21DBDD66900D9ACBC /* Show.storyboard in Resources */ = {isa = PBXBuildFile; fileRef = 427AC8A11DBDD66900D9ACBC /* Show.storyboard */; };
		427AC8A41DBDE30A00D9ACBC /* BYNavigationController.swift in Sources */ = {isa = PBXBuildFile; fileRef = 427AC8A31DBDE30A00D9ACBC /* BYNavigationController.swift */; };
		4280A38C1DDECD5E005D0543 /* TestViewController.swift in Sources */ = {isa = PBXBuildFile; fileRef = 4280A38B1DDECD5E005D0543 /* TestViewController.swift */; };
		428681541DB49E2000208330 /* AppDelegate.swift in Sources */ = {isa = PBXBuildFile; fileRef = 428681531DB49E2000208330 /* AppDelegate.swift */; };
		428681591DB49E2100208330 /* Main.storyboard in Resources */ = {isa = PBXBuildFile; fileRef = 428681571DB49E2100208330 /* Main.storyboard */; };
		4286815B1DB49E2200208330 /* Assets.xcassets in Resources */ = {isa = PBXBuildFile; fileRef = 4286815A1DB49E2200208330 /* Assets.xcassets */; };
		4286815E1DB49E2300208330 /* LaunchScreen.storyboard in Resources */ = {isa = PBXBuildFile; fileRef = 4286815C1DB49E2300208330 /* LaunchScreen.storyboard */; };
		428681691DB49E2300208330 /* MySwiftExTests.swift in Sources */ = {isa = PBXBuildFile; fileRef = 428681681DB49E2300208330 /* MySwiftExTests.swift */; };
		428681741DB49E2400208330 /* MySwiftExUITests.swift in Sources */ = {isa = PBXBuildFile; fileRef = 428681731DB49E2400208330 /* MySwiftExUITests.swift */; };
		428681851DB5B9A800208330 /* NetWorkService.swift in Sources */ = {isa = PBXBuildFile; fileRef = 428681841DB5B9A800208330 /* NetWorkService.swift */; };
		428681881DB5BA9700208330 /* APIConstant.swift in Sources */ = {isa = PBXBuildFile; fileRef = 428681871DB5BA9700208330 /* APIConstant.swift */; };
		4286818A1DB5BB0700208330 /* Initable.swift in Sources */ = {isa = PBXBuildFile; fileRef = 428681891DB5BB0700208330 /* Initable.swift */; };
		42A3FB8B1DF10C82008E701E /* TestNWClient.swift in Sources */ = {isa = PBXBuildFile; fileRef = 42A3FB8A1DF10C82008E701E /* TestNWClient.swift */; };
		42A3FB8E1DF53FCA008E701E /* ListViewExtension.swift in Sources */ = {isa = PBXBuildFile; fileRef = 42A3FB8D1DF53FCA008E701E /* ListViewExtension.swift */; };
		42A3FB901DF641F2008E701E /* MVVMTest.swift in Sources */ = {isa = PBXBuildFile; fileRef = 42A3FB8F1DF641F2008E701E /* MVVMTest.swift */; };
		42A3FB921DF686FB008E701E /* StoryboardExtension.swift in Sources */ = {isa = PBXBuildFile; fileRef = 42A3FB911DF686FB008E701E /* StoryboardExtension.swift */; };
		42A3FB941DF6B156008E701E /* TestParse.swift in Sources */ = {isa = PBXBuildFile; fileRef = 42A3FB931DF6B156008E701E /* TestParse.swift */; };
		81CF4DAC419866CA76063C11 /* Pods_MySwiftEx.framework in Frameworks */ = {isa = PBXBuildFile; fileRef = D744A2C540EC64F357A4D0D5 /* Pods_MySwiftEx.framework */; };
/* End PBXBuildFile section */

/* Begin PBXContainerItemProxy section */
		428681651DB49E2300208330 /* PBXContainerItemProxy */ = {
			isa = PBXContainerItemProxy;
			containerPortal = 428681481DB49E1F00208330 /* Project object */;
			proxyType = 1;
			remoteGlobalIDString = 4286814F1DB49E1F00208330;
			remoteInfo = MySwiftEx;
		};
		428681701DB49E2400208330 /* PBXContainerItemProxy */ = {
			isa = PBXContainerItemProxy;
			containerPortal = 428681481DB49E1F00208330 /* Project object */;
			proxyType = 1;
			remoteGlobalIDString = 4286814F1DB49E1F00208330;
			remoteInfo = MySwiftEx;
		};
/* End PBXContainerItemProxy section */

/* Begin PBXFileReference section */
		3E65996379AC35A58FD9C50C /* Pods-MySwiftEx.release.xcconfig */ = {isa = PBXFileReference; includeInIndex = 1; lastKnownFileType = text.xcconfig; name = "Pods-MySwiftEx.release.xcconfig"; path = "Pods/Target Support Files/Pods-MySwiftEx/Pods-MySwiftEx.release.xcconfig"; sourceTree = "<group>"; };
		420BE29B1DB9F71000C3BC18 /* BYTabBarViewController.swift */ = {isa = PBXFileReference; fileEncoding = 4; lastKnownFileType = sourcecode.swift; path = BYTabBarViewController.swift; sourceTree = "<group>"; };
		420BE29D1DB9FF7100C3BC18 /* Constant.swift */ = {isa = PBXFileReference; fileEncoding = 4; lastKnownFileType = sourcecode.swift; path = Constant.swift; sourceTree = "<group>"; };
		427AC8A11DBDD66900D9ACBC /* Show.storyboard */ = {isa = PBXFileReference; fileEncoding = 4; lastKnownFileType = file.storyboard; path = Show.storyboard; sourceTree = "<group>"; };
		427AC8A31DBDE30A00D9ACBC /* BYNavigationController.swift */ = {isa = PBXFileReference; fileEncoding = 4; lastKnownFileType = sourcecode.swift; path = BYNavigationController.swift; sourceTree = "<group>"; };
		4280A38B1DDECD5E005D0543 /* TestViewController.swift */ = {isa = PBXFileReference; fileEncoding = 4; lastKnownFileType = sourcecode.swift; path = TestViewController.swift; sourceTree = "<group>"; };
		428681501DB49E1F00208330 /* MySwiftEx.app */ = {isa = PBXFileReference; explicitFileType = wrapper.application; includeInIndex = 0; path = MySwiftEx.app; sourceTree = BUILT_PRODUCTS_DIR; };
		428681531DB49E2000208330 /* AppDelegate.swift */ = {isa = PBXFileReference; lastKnownFileType = sourcecode.swift; path = AppDelegate.swift; sourceTree = "<group>"; };
		428681581DB49E2100208330 /* Base */ = {isa = PBXFileReference; lastKnownFileType = file.storyboard; name = Base; path = Base.lproj/Main.storyboard; sourceTree = "<group>"; };
		4286815A1DB49E2200208330 /* Assets.xcassets */ = {isa = PBXFileReference; lastKnownFileType = folder.assetcatalog; path = Assets.xcassets; sourceTree = "<group>"; };
		4286815D1DB49E2300208330 /* Base */ = {isa = PBXFileReference; lastKnownFileType = file.storyboard; name = Base; path = Base.lproj/LaunchScreen.storyboard; sourceTree = "<group>"; };
		4286815F1DB49E2300208330 /* Info.plist */ = {isa = PBXFileReference; lastKnownFileType = text.plist.xml; path = Info.plist; sourceTree = "<group>"; };
		428681641DB49E2300208330 /* MySwiftExTests.xctest */ = {isa = PBXFileReference; explicitFileType = wrapper.cfbundle; includeInIndex = 0; path = MySwiftExTests.xctest; sourceTree = BUILT_PRODUCTS_DIR; };
		428681681DB49E2300208330 /* MySwiftExTests.swift */ = {isa = PBXFileReference; lastKnownFileType = sourcecode.swift; path = MySwiftExTests.swift; sourceTree = "<group>"; };
		4286816A1DB49E2400208330 /* Info.plist */ = {isa = PBXFileReference; lastKnownFileType = text.plist.xml; path = Info.plist; sourceTree = "<group>"; };
		4286816F1DB49E2400208330 /* MySwiftExUITests.xctest */ = {isa = PBXFileReference; explicitFileType = wrapper.cfbundle; includeInIndex = 0; path = MySwiftExUITests.xctest; sourceTree = BUILT_PRODUCTS_DIR; };
		428681731DB49E2400208330 /* MySwiftExUITests.swift */ = {isa = PBXFileReference; lastKnownFileType = sourcecode.swift; path = MySwiftExUITests.swift; sourceTree = "<group>"; };
		428681751DB49E2400208330 /* Info.plist */ = {isa = PBXFileReference; lastKnownFileType = text.plist.xml; path = Info.plist; sourceTree = "<group>"; };
		428681841DB5B9A800208330 /* NetWorkService.swift */ = {isa = PBXFileReference; fileEncoding = 4; lastKnownFileType = sourcecode.swift; path = NetWorkService.swift; sourceTree = "<group>"; };
		428681871DB5BA9700208330 /* APIConstant.swift */ = {isa = PBXFileReference; fileEncoding = 4; lastKnownFileType = sourcecode.swift; path = APIConstant.swift; sourceTree = "<group>"; };
		428681891DB5BB0700208330 /* Initable.swift */ = {isa = PBXFileReference; fileEncoding = 4; lastKnownFileType = sourcecode.swift; path = Initable.swift; sourceTree = "<group>"; };
		42A3FB8A1DF10C82008E701E /* TestNWClient.swift */ = {isa = PBXFileReference; fileEncoding = 4; lastKnownFileType = sourcecode.swift; path = TestNWClient.swift; sourceTree = "<group>"; };
		42A3FB8D1DF53FCA008E701E /* ListViewExtension.swift */ = {isa = PBXFileReference; fileEncoding = 4; lastKnownFileType = sourcecode.swift; path = ListViewExtension.swift; sourceTree = "<group>"; };
		42A3FB8F1DF641F2008E701E /* MVVMTest.swift */ = {isa = PBXFileReference; fileEncoding = 4; lastKnownFileType = sourcecode.swift; path = MVVMTest.swift; sourceTree = "<group>"; };
		42A3FB911DF686FB008E701E /* StoryboardExtension.swift */ = {isa = PBXFileReference; fileEncoding = 4; lastKnownFileType = sourcecode.swift; path = StoryboardExtension.swift; sourceTree = "<group>"; };
		42A3FB931DF6B156008E701E /* TestParse.swift */ = {isa = PBXFileReference; fileEncoding = 4; lastKnownFileType = sourcecode.swift; path = TestParse.swift; sourceTree = "<group>"; };
		D744A2C540EC64F357A4D0D5 /* Pods_MySwiftEx.framework */ = {isa = PBXFileReference; explicitFileType = wrapper.framework; includeInIndex = 0; path = Pods_MySwiftEx.framework; sourceTree = BUILT_PRODUCTS_DIR; };
		EA39BFDF89D9062BDC5F1F15 /* Pods-MySwiftEx.debug.xcconfig */ = {isa = PBXFileReference; includeInIndex = 1; lastKnownFileType = text.xcconfig; name = "Pods-MySwiftEx.debug.xcconfig"; path = "Pods/Target Support Files/Pods-MySwiftEx/Pods-MySwiftEx.debug.xcconfig"; sourceTree = "<group>"; };
/* End PBXFileReference section */

/* Begin PBXFrameworksBuildPhase section */
		4286814D1DB49E1F00208330 /* Frameworks */ = {
			isa = PBXFrameworksBuildPhase;
			buildActionMask = 2147483647;
			files = (
				81CF4DAC419866CA76063C11 /* Pods_MySwiftEx.framework in Frameworks */,
			);
			runOnlyForDeploymentPostprocessing = 0;
		};
		428681611DB49E2300208330 /* Frameworks */ = {
			isa = PBXFrameworksBuildPhase;
			buildActionMask = 2147483647;
			files = (
			);
			runOnlyForDeploymentPostprocessing = 0;
		};
		4286816C1DB49E2400208330 /* Frameworks */ = {
			isa = PBXFrameworksBuildPhase;
			buildActionMask = 2147483647;
			files = (
			);
			runOnlyForDeploymentPostprocessing = 0;
		};
/* End PBXFrameworksBuildPhase section */

/* Begin PBXGroup section */
		420BE29A1DB9F6DB00C3BC18 /* ContainerVC */ = {
			isa = PBXGroup;
			children = (
				420BE29B1DB9F71000C3BC18 /* BYTabBarViewController.swift */,
				427AC8A31DBDE30A00D9ACBC /* BYNavigationController.swift */,
			);
			path = ContainerVC;
			sourceTree = "<group>";
		};
		4280A38A1DDECD1F005D0543 /* ViewControllers */ = {
			isa = PBXGroup;
			children = (
				4280A38B1DDECD5E005D0543 /* TestViewController.swift */,
				42A3FB8A1DF10C82008E701E /* TestNWClient.swift */,
				42A3FB931DF6B156008E701E /* TestParse.swift */,
			);
			path = ViewControllers;
			sourceTree = "<group>";
		};
		428681471DB49E1E00208330 = {
			isa = PBXGroup;
			children = (
				428681521DB49E1F00208330 /* MySwiftEx */,
				428681671DB49E2300208330 /* MySwiftExTests */,
				428681721DB49E2400208330 /* MySwiftExUITests */,
				428681511DB49E1F00208330 /* Products */,
				D038D8897CCCEA3DC483CAB1 /* Pods */,
				9B54E3BCFC5859E6B4A0C108 /* Frameworks */,
			);
			sourceTree = "<group>";
		};
		428681511DB49E1F00208330 /* Products */ = {
			isa = PBXGroup;
			children = (
				428681501DB49E1F00208330 /* MySwiftEx.app */,
				428681641DB49E2300208330 /* MySwiftExTests.xctest */,
				4286816F1DB49E2400208330 /* MySwiftExUITests.xctest */,
			);
			name = Products;
			sourceTree = "<group>";
		};
		428681521DB49E1F00208330 /* MySwiftEx */ = {
			isa = PBXGroup;
			children = (
				42A3FB8C1DF53FB0008E701E /* Extensions */,
				428681861DB5BA3700208330 /* Constant */,
				428681831DB5B96500208330 /* NetWork */,
				420BE29A1DB9F6DB00C3BC18 /* ContainerVC */,
				4280A38A1DDECD1F005D0543 /* ViewControllers */,
				428681531DB49E2000208330 /* AppDelegate.swift */,
				428681571DB49E2100208330 /* Main.storyboard */,
				427AC8A11DBDD66900D9ACBC /* Show.storyboard */,
				4286815A1DB49E2200208330 /* Assets.xcassets */,
				4286815C1DB49E2300208330 /* LaunchScreen.storyboard */,
				4286815F1DB49E2300208330 /* Info.plist */,
			);
			path = MySwiftEx;
			sourceTree = "<group>";
		};
		428681671DB49E2300208330 /* MySwiftExTests */ = {
			isa = PBXGroup;
			children = (
				428681681DB49E2300208330 /* MySwiftExTests.swift */,
				4286816A1DB49E2400208330 /* Info.plist */,
			);
			path = MySwiftExTests;
			sourceTree = "<group>";
		};
		428681721DB49E2400208330 /* MySwiftExUITests */ = {
			isa = PBXGroup;
			children = (
				428681731DB49E2400208330 /* MySwiftExUITests.swift */,
				428681751DB49E2400208330 /* Info.plist */,
			);
			path = MySwiftExUITests;
			sourceTree = "<group>";
		};
		428681831DB5B96500208330 /* NetWork */ = {
			isa = PBXGroup;
			children = (
				428681841DB5B9A800208330 /* NetWorkService.swift */,
				428681891DB5BB0700208330 /* Initable.swift */,
			);
			path = NetWork;
			sourceTree = "<group>";
		};
		428681861DB5BA3700208330 /* Constant */ = {
			isa = PBXGroup;
			children = (
				428681871DB5BA9700208330 /* APIConstant.swift */,
				420BE29D1DB9FF7100C3BC18 /* Constant.swift */,
			);
			path = Constant;
			sourceTree = "<group>";
		};
		42A3FB8C1DF53FB0008E701E /* Extensions */ = {
			isa = PBXGroup;
			children = (
				42A3FB8D1DF53FCA008E701E /* ListViewExtension.swift */,
				42A3FB8F1DF641F2008E701E /* MVVMTest.swift */,
				42A3FB911DF686FB008E701E /* StoryboardExtension.swift */,
			);
			path = Extensions;
			sourceTree = "<group>";
		};
		9B54E3BCFC5859E6B4A0C108 /* Frameworks */ = {
			isa = PBXGroup;
			children = (
				D744A2C540EC64F357A4D0D5 /* Pods_MySwiftEx.framework */,
			);
			name = Frameworks;
			sourceTree = "<group>";
		};
		D038D8897CCCEA3DC483CAB1 /* Pods */ = {
			isa = PBXGroup;
			children = (
				EA39BFDF89D9062BDC5F1F15 /* Pods-MySwiftEx.debug.xcconfig */,
				3E65996379AC35A58FD9C50C /* Pods-MySwiftEx.release.xcconfig */,
			);
			name = Pods;
			sourceTree = "<group>";
		};
/* End PBXGroup section */

/* Begin PBXNativeTarget section */
		4286814F1DB49E1F00208330 /* MySwiftEx */ = {
			isa = PBXNativeTarget;
			buildConfigurationList = 428681781DB49E2400208330 /* Build configuration list for PBXNativeTarget "MySwiftEx" */;
			buildPhases = (
				E752686128CA8763D636B8E0 /* [CP] Check Pods Manifest.lock */,
				4286814C1DB49E1F00208330 /* Sources */,
				4286814D1DB49E1F00208330 /* Frameworks */,
				4286814E1DB49E1F00208330 /* Resources */,
				C00B9590B1A0866A57CC967B /* [CP] Embed Pods Frameworks */,
				76E195738D950C7A0D286C10 /* [CP] Copy Pods Resources */,
			);
			buildRules = (
			);
			dependencies = (
			);
			name = MySwiftEx;
			productName = MySwiftEx;
			productReference = 428681501DB49E1F00208330 /* MySwiftEx.app */;
			productType = "com.apple.product-type.application";
		};
		428681631DB49E2300208330 /* MySwiftExTests */ = {
			isa = PBXNativeTarget;
			buildConfigurationList = 4286817B1DB49E2400208330 /* Build configuration list for PBXNativeTarget "MySwiftExTests" */;
			buildPhases = (
				428681601DB49E2300208330 /* Sources */,
				428681611DB49E2300208330 /* Frameworks */,
				428681621DB49E2300208330 /* Resources */,
			);
			buildRules = (
			);
			dependencies = (
				428681661DB49E2300208330 /* PBXTargetDependency */,
			);
			name = MySwiftExTests;
			productName = MySwiftExTests;
			productReference = 428681641DB49E2300208330 /* MySwiftExTests.xctest */;
			productType = "com.apple.product-type.bundle.unit-test";
		};
		4286816E1DB49E2400208330 /* MySwiftExUITests */ = {
			isa = PBXNativeTarget;
			buildConfigurationList = 4286817E1DB49E2400208330 /* Build configuration list for PBXNativeTarget "MySwiftExUITests" */;
			buildPhases = (
				4286816B1DB49E2400208330 /* Sources */,
				4286816C1DB49E2400208330 /* Frameworks */,
				4286816D1DB49E2400208330 /* Resources */,
			);
			buildRules = (
			);
			dependencies = (
				428681711DB49E2400208330 /* PBXTargetDependency */,
			);
			name = MySwiftExUITests;
			productName = MySwiftExUITests;
			productReference = 4286816F1DB49E2400208330 /* MySwiftExUITests.xctest */;
			productType = "com.apple.product-type.bundle.ui-testing";
		};
/* End PBXNativeTarget section */

/* Begin PBXProject section */
		428681481DB49E1F00208330 /* Project object */ = {
			isa = PBXProject;
			attributes = {
				LastSwiftUpdateCheck = 0800;
				LastUpgradeCheck = 0800;
				ORGANIZATIONNAME = zpx;
				TargetAttributes = {
					4286814F1DB49E1F00208330 = {
						CreatedOnToolsVersion = 8.0;
						DevelopmentTeam = 2Y8FG5UBJG;
						LastSwiftMigration = 0800;
						ProvisioningStyle = Automatic;
					};
					428681631DB49E2300208330 = {
						CreatedOnToolsVersion = 8.0;
						LastSwiftMigration = 0800;
						ProvisioningStyle = Automatic;
						TestTargetID = 4286814F1DB49E1F00208330;
					};
					4286816E1DB49E2400208330 = {
						CreatedOnToolsVersion = 8.0;
						LastSwiftMigration = 0800;
						ProvisioningStyle = Automatic;
						TestTargetID = 4286814F1DB49E1F00208330;
					};
				};
			};
			buildConfigurationList = 4286814B1DB49E1F00208330 /* Build configuration list for PBXProject "MySwiftEx" */;
			compatibilityVersion = "Xcode 3.2";
			developmentRegion = English;
			hasScannedForEncodings = 0;
			knownRegions = (
				en,
				Base,
			);
			mainGroup = 428681471DB49E1E00208330;
			productRefGroup = 428681511DB49E1F00208330 /* Products */;
			projectDirPath = "";
			projectRoot = "";
			targets = (
				4286814F1DB49E1F00208330 /* MySwiftEx */,
				428681631DB49E2300208330 /* MySwiftExTests */,
				4286816E1DB49E2400208330 /* MySwiftExUITests */,
			);
		};
/* End PBXProject section */

/* Begin PBXResourcesBuildPhase section */
		4286814E1DB49E1F00208330 /* Resources */ = {
			isa = PBXResourcesBuildPhase;
			buildActionMask = 2147483647;
			files = (
				4286815E1DB49E2300208330 /* LaunchScreen.storyboard in Resources */,
				4286815B1DB49E2200208330 /* Assets.xcassets in Resources */,
				428681591DB49E2100208330 /* Main.storyboard in Resources */,
				427AC8A21DBDD66900D9ACBC /* Show.storyboard in Resources */,
			);
			runOnlyForDeploymentPostprocessing = 0;
		};
		428681621DB49E2300208330 /* Resources */ = {
			isa = PBXResourcesBuildPhase;
			buildActionMask = 2147483647;
			files = (
			);
			runOnlyForDeploymentPostprocessing = 0;
		};
		4286816D1DB49E2400208330 /* Resources */ = {
			isa = PBXResourcesBuildPhase;
			buildActionMask = 2147483647;
			files = (
			);
			runOnlyForDeploymentPostprocessing = 0;
		};
/* End PBXResourcesBuildPhase section */

/* Begin PBXShellScriptBuildPhase section */
		76E195738D950C7A0D286C10 /* [CP] Copy Pods Resources */ = {
			isa = PBXShellScriptBuildPhase;
			buildActionMask = 2147483647;
			files = (
			);
			inputPaths = (
			);
			name = "[CP] Copy Pods Resources";
			outputPaths = (
			);
			runOnlyForDeploymentPostprocessing = 0;
			shellPath = /bin/sh;
			shellScript = "\"${SRCROOT}/Pods/Target Support Files/Pods-MySwiftEx/Pods-MySwiftEx-resources.sh\"\n";
			showEnvVarsInLog = 0;
		};
		C00B9590B1A0866A57CC967B /* [CP] Embed Pods Frameworks */ = {
			isa = PBXShellScriptBuildPhase;
			buildActionMask = 2147483647;
			files = (
			);
			inputPaths = (
			);
			name = "[CP] Embed Pods Frameworks";
			outputPaths = (
			);
			runOnlyForDeploymentPostprocessing = 0;
			shellPath = /bin/sh;
			shellScript = "\"${SRCROOT}/Pods/Target Support Files/Pods-MySwiftEx/Pods-MySwiftEx-frameworks.sh\"\n";
			showEnvVarsInLog = 0;
		};
		E752686128CA8763D636B8E0 /* [CP] Check Pods Manifest.lock */ = {
			isa = PBXShellScriptBuildPhase;
			buildActionMask = 2147483647;
			files = (
			);
			inputPaths = (
			);
			name = "[CP] Check Pods Manifest.lock";
			outputPaths = (
			);
			runOnlyForDeploymentPostprocessing = 0;
			shellPath = /bin/sh;
			shellScript = "diff \"${PODS_ROOT}/../Podfile.lock\" \"${PODS_ROOT}/Manifest.lock\" > /dev/null\nif [[ $? != 0 ]] ; then\n    cat << EOM\nerror: The sandbox is not in sync with the Podfile.lock. Run 'pod install' or update your CocoaPods installation.\nEOM\n    exit 1\nfi\n";
			showEnvVarsInLog = 0;
		};
/* End PBXShellScriptBuildPhase section */

/* Begin PBXSourcesBuildPhase section */
		4286814C1DB49E1F00208330 /* Sources */ = {
			isa = PBXSourcesBuildPhase;
			buildActionMask = 2147483647;
			files = (
				4286818A1DB5BB0700208330 /* Initable.swift in Sources */,
				420BE29E1DB9FF7100C3BC18 /* Constant.swift in Sources */,
				42A3FB8B1DF10C82008E701E /* TestNWClient.swift in Sources */,
				4280A38C1DDECD5E005D0543 /* TestViewController.swift in Sources */,
				428681881DB5BA9700208330 /* APIConstant.swift in Sources */,
				428681851DB5B9A800208330 /* NetWorkService.swift in Sources */,
				428681541DB49E2000208330 /* AppDelegate.swift in Sources */,
				427AC8A41DBDE30A00D9ACBC /* BYNavigationController.swift in Sources */,
				42A3FB941DF6B156008E701E /* TestParse.swift in Sources */,
				42A3FB8E1DF53FCA008E701E /* ListViewExtension.swift in Sources */,
				42A3FB901DF641F2008E701E /* MVVMTest.swift in Sources */,
				42A3FB921DF686FB008E701E /* StoryboardExtension.swift in Sources */,
				420BE29C1DB9F71100C3BC18 /* BYTabBarViewController.swift in Sources */,
			);
			runOnlyForDeploymentPostprocessing = 0;
		};
		428681601DB49E2300208330 /* Sources */ = {
			isa = PBXSourcesBuildPhase;
			buildActionMask = 2147483647;
			files = (
				428681691DB49E2300208330 /* MySwiftExTests.swift in Sources */,
			);
			runOnlyForDeploymentPostprocessing = 0;
		};
		4286816B1DB49E2400208330 /* Sources */ = {
			isa = PBXSourcesBuildPhase;
			buildActionMask = 2147483647;
			files = (
				428681741DB49E2400208330 /* MySwiftExUITests.swift in Sources */,
			);
			runOnlyForDeploymentPostprocessing = 0;
		};
/* End PBXSourcesBuildPhase section */

/* Begin PBXTargetDependency section */
		428681661DB49E2300208330 /* PBXTargetDependency */ = {
			isa = PBXTargetDependency;
			target = 4286814F1DB49E1F00208330 /* MySwiftEx */;
			targetProxy = 428681651DB49E2300208330 /* PBXContainerItemProxy */;
		};
		428681711DB49E2400208330 /* PBXTargetDependency */ = {
			isa = PBXTargetDependency;
			target = 4286814F1DB49E1F00208330 /* MySwiftEx */;
			targetProxy = 428681701DB49E2400208330 /* PBXContainerItemProxy */;
		};
/* End PBXTargetDependency section */

/* Begin PBXVariantGroup section */
		428681571DB49E2100208330 /* Main.storyboard */ = {
			isa = PBXVariantGroup;
			children = (
				428681581DB49E2100208330 /* Base */,
			);
			name = Main.storyboard;
			sourceTree = "<group>";
		};
		4286815C1DB49E2300208330 /* LaunchScreen.storyboard */ = {
			isa = PBXVariantGroup;
			children = (
				4286815D1DB49E2300208330 /* Base */,
			);
			name = LaunchScreen.storyboard;
			sourceTree = "<group>";
		};
/* End PBXVariantGroup section */

/* Begin XCBuildConfiguration section */
		428681761DB49E2400208330 /* Debug */ = {
			isa = XCBuildConfiguration;
			buildSettings = {
				ALWAYS_SEARCH_USER_PATHS = NO;
				CLANG_ANALYZER_NONNULL = YES;
				CLANG_CXX_LANGUAGE_STANDARD = "gnu++0x";
				CLANG_CXX_LIBRARY = "libc++";
				CLANG_ENABLE_MODULES = YES;
				CLANG_ENABLE_OBJC_ARC = YES;
				CLANG_WARN_BOOL_CONVERSION = YES;
				CLANG_WARN_CONSTANT_CONVERSION = YES;
				CLANG_WARN_DIRECT_OBJC_ISA_USAGE = YES_ERROR;
				CLANG_WARN_DOCUMENTATION_COMMENTS = YES;
				CLANG_WARN_EMPTY_BODY = YES;
				CLANG_WARN_ENUM_CONVERSION = YES;
				CLANG_WARN_INFINITE_RECURSION = YES;
				CLANG_WARN_INT_CONVERSION = YES;
				CLANG_WARN_OBJC_ROOT_CLASS = YES_ERROR;
				CLANG_WARN_SUSPICIOUS_MOVES = YES;
				CLANG_WARN_UNREACHABLE_CODE = YES;
				CLANG_WARN__DUPLICATE_METHOD_MATCH = YES;
				"CODE_SIGN_IDENTITY[sdk=iphoneos*]" = "iPhone Developer";
				COPY_PHASE_STRIP = NO;
				DEBUG_INFORMATION_FORMAT = dwarf;
				ENABLE_STRICT_OBJC_MSGSEND = YES;
				ENABLE_TESTABILITY = YES;
				GCC_C_LANGUAGE_STANDARD = gnu99;
				GCC_DYNAMIC_NO_PIC = NO;
				GCC_NO_COMMON_BLOCKS = YES;
				GCC_OPTIMIZATION_LEVEL = 0;
				GCC_PREPROCESSOR_DEFINITIONS = (
					"DEBUG=1",
					"$(inherited)",
				);
				GCC_WARN_64_TO_32_BIT_CONVERSION = YES;
				GCC_WARN_ABOUT_RETURN_TYPE = YES_ERROR;
				GCC_WARN_UNDECLARED_SELECTOR = YES;
				GCC_WARN_UNINITIALIZED_AUTOS = YES_AGGRESSIVE;
				GCC_WARN_UNUSED_FUNCTION = YES;
				GCC_WARN_UNUSED_VARIABLE = YES;
				IPHONEOS_DEPLOYMENT_TARGET = 10.0;
				MTL_ENABLE_DEBUG_INFO = YES;
				ONLY_ACTIVE_ARCH = YES;
				SDKROOT = iphoneos;
				SWIFT_ACTIVE_COMPILATION_CONDITIONS = DEBUG;
				SWIFT_OPTIMIZATION_LEVEL = "-Onone";
				TARGETED_DEVICE_FAMILY = "1,2";
			};
			name = Debug;
		};
		428681771DB49E2400208330 /* Release */ = {
			isa = XCBuildConfiguration;
			buildSettings = {
				ALWAYS_SEARCH_USER_PATHS = NO;
				CLANG_ANALYZER_NONNULL = YES;
				CLANG_CXX_LANGUAGE_STANDARD = "gnu++0x";
				CLANG_CXX_LIBRARY = "libc++";
				CLANG_ENABLE_MODULES = YES;
				CLANG_ENABLE_OBJC_ARC = YES;
				CLANG_WARN_BOOL_CONVERSION = YES;
				CLANG_WARN_CONSTANT_CONVERSION = YES;
				CLANG_WARN_DIRECT_OBJC_ISA_USAGE = YES_ERROR;
				CLANG_WARN_DOCUMENTATION_COMMENTS = YES;
				CLANG_WARN_EMPTY_BODY = YES;
				CLANG_WARN_ENUM_CONVERSION = YES;
				CLANG_WARN_INFINITE_RECURSION = YES;
				CLANG_WARN_INT_CONVERSION = YES;
				CLANG_WARN_OBJC_ROOT_CLASS = YES_ERROR;
				CLANG_WARN_SUSPICIOUS_MOVES = YES;
				CLANG_WARN_UNREACHABLE_CODE = YES;
				CLANG_WARN__DUPLICATE_METHOD_MATCH = YES;
				"CODE_SIGN_IDENTITY[sdk=iphoneos*]" = "iPhone Developer";
				COPY_PHASE_STRIP = NO;
				DEBUG_INFORMATION_FORMAT = "dwarf-with-dsym";
				ENABLE_NS_ASSERTIONS = NO;
				ENABLE_STRICT_OBJC_MSGSEND = YES;
				GCC_C_LANGUAGE_STANDARD = gnu99;
				GCC_NO_COMMON_BLOCKS = YES;
				GCC_WARN_64_TO_32_BIT_CONVERSION = YES;
				GCC_WARN_ABOUT_RETURN_TYPE = YES_ERROR;
				GCC_WARN_UNDECLARED_SELECTOR = YES;
				GCC_WARN_UNINITIALIZED_AUTOS = YES_AGGRESSIVE;
				GCC_WARN_UNUSED_FUNCTION = YES;
				GCC_WARN_UNUSED_VARIABLE = YES;
				IPHONEOS_DEPLOYMENT_TARGET = 10.0;
				MTL_ENABLE_DEBUG_INFO = NO;
				SDKROOT = iphoneos;
				SWIFT_OPTIMIZATION_LEVEL = "-Owholemodule";
				TARGETED_DEVICE_FAMILY = "1,2";
				VALIDATE_PRODUCT = YES;
			};
			name = Release;
		};
		428681791DB49E2400208330 /* Debug */ = {
			isa = XCBuildConfiguration;
			baseConfigurationReference = EA39BFDF89D9062BDC5F1F15 /* Pods-MySwiftEx.debug.xcconfig */;
			buildSettings = {
				ASSETCATALOG_COMPILER_APPICON_NAME = AppIcon;
				DEVELOPMENT_TEAM = 2Y8FG5UBJG;
				INFOPLIST_FILE = MySwiftEx/Info.plist;
				IPHONEOS_DEPLOYMENT_TARGET = 9.0;
				LD_RUNPATH_SEARCH_PATHS = "$(inherited) @executable_path/Frameworks";
				PRODUCT_BUNDLE_IDENTIFIER = com.codyy.MySwiftEx;
				PRODUCT_NAME = "$(TARGET_NAME)";
				SWIFT_VERSION = 3.0;
			};
			name = Debug;
		};
		4286817A1DB49E2400208330 /* Release */ = {
			isa = XCBuildConfiguration;
			baseConfigurationReference = 3E65996379AC35A58FD9C50C /* Pods-MySwiftEx.release.xcconfig */;
			buildSettings = {
				ASSETCATALOG_COMPILER_APPICON_NAME = AppIcon;
				DEVELOPMENT_TEAM = 2Y8FG5UBJG;
				INFOPLIST_FILE = MySwiftEx/Info.plist;
				IPHONEOS_DEPLOYMENT_TARGET = 9.0;
				LD_RUNPATH_SEARCH_PATHS = "$(inherited) @executable_path/Frameworks";
				PRODUCT_BUNDLE_IDENTIFIER = com.codyy.MySwiftEx;
				PRODUCT_NAME = "$(TARGET_NAME)";
				SWIFT_VERSION = 3.0;
			};
			name = Release;
		};
		4286817C1DB49E2400208330 /* Debug */ = {
			isa = XCBuildConfiguration;
			buildSettings = {
				ALWAYS_EMBED_SWIFT_STANDARD_LIBRARIES = YES;
				BUNDLE_LOADER = "$(TEST_HOST)";
				INFOPLIST_FILE = MySwiftExTests/Info.plist;
				LD_RUNPATH_SEARCH_PATHS = "$(inherited) @executable_path/Frameworks @loader_path/Frameworks";
				PRODUCT_BUNDLE_IDENTIFIER = com.codyy.MySwiftExTests;
				PRODUCT_NAME = "$(TARGET_NAME)";
				SWIFT_VERSION = 3.0;
				TEST_HOST = "$(BUILT_PRODUCTS_DIR)/MySwiftEx.app/MySwiftEx";
			};
			name = Debug;
		};
		4286817D1DB49E2400208330 /* Release */ = {
			isa = XCBuildConfiguration;
			buildSettings = {
				ALWAYS_EMBED_SWIFT_STANDARD_LIBRARIES = YES;
				BUNDLE_LOADER = "$(TEST_HOST)";
				INFOPLIST_FILE = MySwiftExTests/Info.plist;
				LD_RUNPATH_SEARCH_PATHS = "$(inherited) @executable_path/Frameworks @loader_path/Frameworks";
				PRODUCT_BUNDLE_IDENTIFIER = com.codyy.MySwiftExTests;
				PRODUCT_NAME = "$(TARGET_NAME)";
				SWIFT_VERSION = 3.0;
				TEST_HOST = "$(BUILT_PRODUCTS_DIR)/MySwiftEx.app/MySwiftEx";
			};
			name = Release;
		};
		4286817F1DB49E2400208330 /* Debug */ = {
			isa = XCBuildConfiguration;
			buildSettings = {
				ALWAYS_EMBED_SWIFT_STANDARD_LIBRARIES = YES;
				INFOPLIST_FILE = MySwiftExUITests/Info.plist;
				LD_RUNPATH_SEARCH_PATHS = "$(inherited) @executable_path/Frameworks @loader_path/Frameworks";
				PRODUCT_BUNDLE_IDENTIFIER = com.codyy.MySwiftExUITests;
				PRODUCT_NAME = "$(TARGET_NAME)";
				SWIFT_VERSION = 3.0;
				TEST_TARGET_NAME = MySwiftEx;
			};
			name = Debug;
		};
		428681801DB49E2400208330 /* Release */ = {
			isa = XCBuildConfiguration;
			buildSettings = {
				ALWAYS_EMBED_SWIFT_STANDARD_LIBRARIES = YES;
				INFOPLIST_FILE = MySwiftExUITests/Info.plist;
				LD_RUNPATH_SEARCH_PATHS = "$(inherited) @executable_path/Frameworks @loader_path/Frameworks";
				PRODUCT_BUNDLE_IDENTIFIER = com.codyy.MySwiftExUITests;
				PRODUCT_NAME = "$(TARGET_NAME)";
				SWIFT_VERSION = 3.0;
				TEST_TARGET_NAME = MySwiftEx;
			};
			name = Release;
		};
/* End XCBuildConfiguration section */

/* Begin XCConfigurationList section */
		4286814B1DB49E1F00208330 /* Build configuration list for PBXProject "MySwiftEx" */ = {
			isa = XCConfigurationList;
			buildConfigurations = (
				428681761DB49E2400208330 /* Debug */,
				428681771DB49E2400208330 /* Release */,
			);
			defaultConfigurationIsVisible = 0;
			defaultConfigurationName = Release;
		};
		428681781DB49E2400208330 /* Build configuration list for PBXNativeTarget "MySwiftEx" */ = {
			isa = XCConfigurationList;
			buildConfigurations = (
				428681791DB49E2400208330 /* Debug */,
				4286817A1DB49E2400208330 /* Release */,
			);
			defaultConfigurationIsVisible = 0;
			defaultConfigurationName = Release;
		};
		4286817B1DB49E2400208330 /* Build configuration list for PBXNativeTarget "MySwiftExTests" */ = {
			isa = XCConfigurationList;
			buildConfigurations = (
				4286817C1DB49E2400208330 /* Debug */,
				4286817D1DB49E2400208330 /* Release */,
			);
			defaultConfigurationIsVisible = 0;
			defaultConfigurationName = Release;
		};
		4286817E1DB49E2400208330 /* Build configuration list for PBXNativeTarget "MySwiftExUITests" */ = {
			isa = XCConfigurationList;
			buildConfigurations = (
				4286817F1DB49E2400208330 /* Debug */,
				428681801DB49E2400208330 /* Release */,
			);
			defaultConfigurationIsVisible = 0;
			defaultConfigurationName = Release;
		};
/* End XCConfigurationList section */
	};
	rootObject = 428681481DB49E1F00208330 /* Project object */;
}
